github.com/davecgh/go-spew v1.1.0 h1:ZDRjVQ15GmhC3fiQ8ni8+OwkZQO4DARzQgrnXU1Liz8=
github.com/davecgh/go-spew v1.1.0/go.mod h1:J7Y8YcW2NihsgmVo/mv3lAwl/skON4iLHjSsI+c5H38=
github.com/fatih/color v1.13.0 h1:8LOYc1KYPPmyKMuN8QV2DNRWNbLo6LZ0iLs8+mlH53w=
github.com/fatih/color v1.13.0/go.mod h1:kLAiJbzzSOZDVNGyDpeOxJ47H46qBXwg5ILebYFFOfk=
github.com/jyotiska/go-webcolors v0.0.0-20150821045656-d3232ed69418 h1:oga2JPGC7Firf0ZqBz9aybsvJ9BvLE+TppOLuVDxPVk=
github.com/jyotiska/go-webcolors v0.0.0-20150821045656-d3232ed69418/go.mod h1:NmhhkQCAZwSEAbippJozZd3zYpvfYDydDblWtr+tpGc=
github.com/markdaws/go-effects v0.0.0-20200131234403-fdc64c8dc0f7 h1:APr7qeeqEabk4xwjXdTcEijVo9O68CEF5MrX1YZ1ETA=
github.com/markdaws/go-effects v0.0.0-20200131234403-fdc64c8dc0f7/go.mod h1:BIvmb2WrSxc7vP6T1LrnX5+AmDx0Mr1Sn/+yrbD/Y44=
github.com/markdaws/go-timing v0.0.0-20170130172127-b53baafd482a h1:LN1LhGOZbQxtKyaSkREyx/IpDYqRfFzCKZq/tZbh+9Q=
github.com/markdaws/go-timing v0.0.0-20170130172127-b53baafd482a/go.mod h1:HrBYz5V/fQozz575Ojme2qfHAdFxHOxpqRtv13V/RrE=
github.com/mattn/go-colorable v0.1.9/go.mod h1:u6P/XSegPjTcexA+o6vUJrdnUu04hMope9wVRipJSqc=
github.com/mattn/go-colorable v0.1.12 h1:jF+Du6AlPIjs2BiUiQlKOX0rt3SujHxPnksPKZbaA40=
github.com/mattn/go-colorable v0.1.12/go.mod h1:u5H1YNBxpqRaxsYJYSkiCWKzEfiAb1Gb520KVy5xxl4=
github.com/mattn/go-isatty v0.0.12/go.mod h1:cbi8OIDigv2wuxKPP5vlRcQ1OAZbq2CE4Kysco4FUpU=
github.com/mattn/go-isatty v0.0.14 h1:yVuAays6BHfxijgZPzw+3Zlu5yQgKGP2/hcQbHb7S9Y=
github.com/mattn/go-isatty v0.0.14/go.mod h1:7GGIvUiUoEMVVmxf/4nioHXj79iQHKdU27kJ6hsGG94=
github.com/nfnt/resize v0.0.0-20180221191011-83c6a9932646 h1:zYyBkD/k9seD2A7fsi6Oo2LfFZAehjjQMERAvZLEDnQ=
github.com/nfnt/resize v0.0.0-20180221191011-83c6a9932646/go.mod h1:jpp1/29i3P1S/RLdc7JQKbRpFeM1dOBd8T9ki5s+AY8=
github.com/noelyahan/impexp v0.0.0-20201209034304-ee159d84b42f h1:5YRbggKVg5+Z9CDj1j8pVKuTnxN397YNbJQ0/ncXyEM=
github.com/noelyahan/impexp v0.0.0-20201209034304-ee159d84b42f/go.mod h1:fWa2UcdwWpSHhuvND6NYyZlDyq3lQFimsp5AOHiLC20=
github.com/noelyahan/mergi v0.0.0-20190514155713-69271a4267fb h1:WzZaliCgGSc3KOp0SSzIVSTUMTFeId24QasrefuoqGc=
github.com/noelyahan/mergi v0.0.0-20190514155713-69271a4267fb/go.mod h1:XGmRERSF4BQUP28KnOVsvB4GbceF2P5hIssjHR9eyyE=
github.com/noelyahan/mergitrans v0.0.0-20190507035323-73e76dcd7d2a h1:LFZ/NWBGkjgYuiQZKVRLaeHIeWAtVfiDwt5ZA00iyYM=
github.com/noelyahan/mergitrans v0.0.0-20190507035323-73e76dcd7d2a/go.mod h1:WOm5FMU6+FUczuxKgJiagn9T5lcrHd/IAunhd2u+dEw=
github.com/pkg/errors v0.9.1 h1:FEBLx1zS214owpjy7qsBeixbURkuhQAwrK5UwLGTwt4=
github.com/pkg/errors v0.9.1/go.mod h1:bwawxfHBFNV+L2hUp1rHADufV3IMtnDRdf1r5NINEl0=
github.com/pmezard/go-difflib v1.0.0 h1:4DBwDE0NGyQoBHbLQYPwSUPoCMWR5BEzIk/f1lZbAQM=
github.com/pmezard/go-difflib v1.0.0/go.mod h1:iKH77koFhYxTK1pcRnkKkqfTogsbg7gZNVY4sRDYZ/4=
github.com/stretchr/objx v0.1.0/go.mod h1:HFkY916IF+rwdDfMAkV7OtwuqBVzrE8GR6GFx+wExME=
github.com/stretchr/testify v1.7.0 h1:nwc3DEeHmmLAfoZucVR881uASk0Mfjw8xYJ99tb5CcY=
github.com/stretchr/testify v1.7.0/go.mod h1:6Fq8oRcR53rry900zMqJjRRixrwX3KX962/h/Wwjteg=
github.com/thomaso-mirodin/intmath v0.0.0-20160323211736-5dc6d854e46e h1:cR8/SYRgyQCt5cNCMniB/ZScMkhI9nk8U5C7SbISXjo=
github.com/thomaso-mirodin/intmath v0.0.0-20160323211736-5dc6d854e46e/go.mod h1:Tu4lItkATkonrYuvtVjG0/rhy15qrNGNTjPdaphtZ/8=
golang.org/x/sys v0.0.0-20200116001909-b77594299b42/go.mod h1:h1NjWce9XRLGQEsW7wpKNCjG9DtNlClVuFLEZdDNbEs=
golang.org/x/sys v0.0.0-20200223170610-d5e6a3e2c0ae/go.mod h1:h1NjWce9XRLGQEsW7wpKNCjG9DtNlClVuFLEZdDNbEs=
golang.org/x/sys v0.0.0-20210630005230-0f9fa26af87c/go.mod h1:oPkhp1MJrh7nUepCBck5+mAzfO9JrbApNNgaTdGDITg=
golang.org/x/sys v0.0.0-20210927094055-39ccf1dd6fa6/go.mod h1:oPkhp1MJrh7nUepCBck5+mAzfO9JrbApNNgaTdGDITg=
golang.org/x/sys v0.0.0-20211205182925-97ca703d548d h1:FjkYO/PPp4Wi0EAUOVLxePm7qVW4r4ctbWpURyuOD0E=
golang.org/x/sys v0.0.0-20211205182925-97ca703d548d/go.mod h1:oPkhp1MJrh7nUepCBck5+mAzfO9JrbApNNgaTdGDITg=
gopkg.in/check.v1 v0.0.0-20161208181325-20d25e280405/go.mod h1:Co6ibVJAznAaIkqp8huTwlJQCZ016jof/cbN4VW5Yz0=
gopkg.in/yaml.v3 v3.0.0-20200313102051-9f266ea9e77c h1:dUUwHk2QECo/6vqA44rthZ8ie2QXMNeKRTHCNY2nXvo=
gopkg.in/yaml.v3 v3.0.0-20200313102051-9f266ea9e77c/go.mod h1:K4uyk7z7BCEPqu6E+C64Yfv1cQ7kz7rIZviUmN+EgEM=
